// !$*UTF8*$!
{
	archiveVersion = 1;
	classes = {
	};
	objectVersion = 46;
	objects = {

/* Begin PBXBuildFile section */
		CA2655911C841E0100DF200C /* ProfileCell.swift in Sources */ = {isa = PBXBuildFile; fileRef = CA2655901C841E0100DF200C /* ProfileCell.swift */; };
		CA45D36B1C782F5C001DF5F7 /* AppDelegate.swift in Sources */ = {isa = PBXBuildFile; fileRef = CA45D36A1C782F5C001DF5F7 /* AppDelegate.swift */; };
		CA45D36D1C782F5C001DF5F7 /* ViewController.swift in Sources */ = {isa = PBXBuildFile; fileRef = CA45D36C1C782F5C001DF5F7 /* ViewController.swift */; };
		CA45D3701C782F5C001DF5F7 /* Main.storyboard in Resources */ = {isa = PBXBuildFile; fileRef = CA45D36E1C782F5C001DF5F7 /* Main.storyboard */; };
		CA45D3721C782F5C001DF5F7 /* Assets.xcassets in Resources */ = {isa = PBXBuildFile; fileRef = CA45D3711C782F5C001DF5F7 /* Assets.xcassets */; };
		CA45D3751C782F5C001DF5F7 /* LaunchScreen.storyboard in Resources */ = {isa = PBXBuildFile; fileRef = CA45D3731C782F5C001DF5F7 /* LaunchScreen.storyboard */; };
		CA45D3811C783223001DF5F7 /* TwitterClient.swift in Sources */ = {isa = PBXBuildFile; fileRef = CA45D3801C783223001DF5F7 /* TwitterClient.swift */; };
		CA45D3841C78F981001DF5F7 /* User.swift in Sources */ = {isa = PBXBuildFile; fileRef = CA45D3831C78F981001DF5F7 /* User.swift */; };
		CA45D3861C78F99E001DF5F7 /* Tweet.swift in Sources */ = {isa = PBXBuildFile; fileRef = CA45D3851C78F99E001DF5F7 /* Tweet.swift */; };
		CA45D3881C7951F5001DF5F7 /* TweetsViewController.swift in Sources */ = {isa = PBXBuildFile; fileRef = CA45D3871C7951F5001DF5F7 /* TweetsViewController.swift */; };
		CA6CC4F21C7A439700FDC0D6 /* TweetsCell.swift in Sources */ = {isa = PBXBuildFile; fileRef = CA6CC4F11C7A439700FDC0D6 /* TweetsCell.swift */; };
		CA6CC4F41C7A70BC00FDC0D6 /* ComposeViewController.swift in Sources */ = {isa = PBXBuildFile; fileRef = CA6CC4F31C7A70BC00FDC0D6 /* ComposeViewController.swift */; };
		CA6CC4F61C7AB1E600FDC0D6 /* TweetDetailViewController.swift in Sources */ = {isa = PBXBuildFile; fileRef = CA6CC4F51C7AB1E600FDC0D6 /* TweetDetailViewController.swift */; };
		CA813D641C828B2A006DB179 /* HamburgerViewController.swift in Sources */ = {isa = PBXBuildFile; fileRef = CA813D631C828B2A006DB179 /* HamburgerViewController.swift */; };
		CA813D661C8291A3006DB179 /* MenuViewController.swift in Sources */ = {isa = PBXBuildFile; fileRef = CA813D651C8291A3006DB179 /* MenuViewController.swift */; };
		CA813D861C8350A2006DB179 /* ProfileViewController.swift in Sources */ = {isa = PBXBuildFile; fileRef = CA813D851C8350A2006DB179 /* ProfileViewController.swift */; };
		D189A3827E97AC2E2E1A2ED4 /* Pods_TwitterClient.framework in Frameworks */ = {isa = PBXBuildFile; fileRef = 92A068816D172C49E6BA7C6D /* Pods_TwitterClient.framework */; };
/* End PBXBuildFile section */

/* Begin PBXFileReference section */
		3894E7E301775250CF090790 /* Pods-TwitterClient.debug.xcconfig */ = {isa = PBXFileReference; includeInIndex = 1; lastKnownFileType = text.xcconfig; name = "Pods-TwitterClient.debug.xcconfig"; path = "Pods/Target Support Files/Pods-TwitterClient/Pods-TwitterClient.debug.xcconfig"; sourceTree = "<group>"; };
		92A068816D172C49E6BA7C6D /* Pods_TwitterClient.framework */ = {isa = PBXFileReference; explicitFileType = wrapper.framework; includeInIndex = 0; path = Pods_TwitterClient.framework; sourceTree = BUILT_PRODUCTS_DIR; };
		A0FD237AE74337B728CD6159 /* Pods-TwitterClient.release.xcconfig */ = {isa = PBXFileReference; includeInIndex = 1; lastKnownFileType = text.xcconfig; name = "Pods-TwitterClient.release.xcconfig"; path = "Pods/Target Support Files/Pods-TwitterClient/Pods-TwitterClient.release.xcconfig"; sourceTree = "<group>"; };
		CA2655901C841E0100DF200C /* ProfileCell.swift */ = {isa = PBXFileReference; fileEncoding = 4; lastKnownFileType = sourcecode.swift; path = ProfileCell.swift; sourceTree = "<group>"; };
		CA45D3671C782F5C001DF5F7 /* TwitterClient.app */ = {isa = PBXFileReference; explicitFileType = wrapper.application; includeInIndex = 0; path = TwitterClient.app; sourceTree = BUILT_PRODUCTS_DIR; };
		CA45D36A1C782F5C001DF5F7 /* AppDelegate.swift */ = {isa = PBXFileReference; lastKnownFileType = sourcecode.swift; path = AppDelegate.swift; sourceTree = "<group>"; };
		CA45D36C1C782F5C001DF5F7 /* ViewController.swift */ = {isa = PBXFileReference; lastKnownFileType = sourcecode.swift; path = ViewController.swift; sourceTree = "<group>"; };
		CA45D36F1C782F5C001DF5F7 /* Base */ = {isa = PBXFileReference; lastKnownFileType = file.storyboard; name = Base; path = Base.lproj/Main.storyboard; sourceTree = "<group>"; };
		CA45D3711C782F5C001DF5F7 /* Assets.xcassets */ = {isa = PBXFileReference; lastKnownFileType = folder.assetcatalog; path = Assets.xcassets; sourceTree = "<group>"; };
		CA45D3741C782F5C001DF5F7 /* Base */ = {isa = PBXFileReference; lastKnownFileType = file.storyboard; name = Base; path = Base.lproj/LaunchScreen.storyboard; sourceTree = "<group>"; };
		CA45D3761C782F5C001DF5F7 /* Info.plist */ = {isa = PBXFileReference; lastKnownFileType = text.plist.xml; path = Info.plist; sourceTree = "<group>"; };
		CA45D37C1C783023001DF5F7 /* TwitterClient-Bridging-Header.h */ = {isa = PBXFileReference; lastKnownFileType = sourcecode.c.h; path = "TwitterClient-Bridging-Header.h"; sourceTree = "<group>"; };
		CA45D3801C783223001DF5F7 /* TwitterClient.swift */ = {isa = PBXFileReference; fileEncoding = 4; lastKnownFileType = sourcecode.swift; path = TwitterClient.swift; sourceTree = "<group>"; };
		CA45D3831C78F981001DF5F7 /* User.swift */ = {isa = PBXFileReference; fileEncoding = 4; lastKnownFileType = sourcecode.swift; path = User.swift; sourceTree = "<group>"; };
		CA45D3851C78F99E001DF5F7 /* Tweet.swift */ = {isa = PBXFileReference; fileEncoding = 4; lastKnownFileType = sourcecode.swift; path = Tweet.swift; sourceTree = "<group>"; };
		CA45D3871C7951F5001DF5F7 /* TweetsViewController.swift */ = {isa = PBXFileReference; fileEncoding = 4; lastKnownFileType = sourcecode.swift; path = TweetsViewController.swift; sourceTree = "<group>"; };
		CA6CC4F11C7A439700FDC0D6 /* TweetsCell.swift */ = {isa = PBXFileReference; fileEncoding = 4; lastKnownFileType = sourcecode.swift; path = TweetsCell.swift; sourceTree = "<group>"; };
		CA6CC4F31C7A70BC00FDC0D6 /* ComposeViewController.swift */ = {isa = PBXFileReference; fileEncoding = 4; lastKnownFileType = sourcecode.swift; path = ComposeViewController.swift; sourceTree = "<group>"; };
		CA6CC4F51C7AB1E600FDC0D6 /* TweetDetailViewController.swift */ = {isa = PBXFileReference; fileEncoding = 4; lastKnownFileType = sourcecode.swift; path = TweetDetailViewController.swift; sourceTree = "<group>"; };
		CA813D631C828B2A006DB179 /* HamburgerViewController.swift */ = {isa = PBXFileReference; fileEncoding = 4; lastKnownFileType = sourcecode.swift; path = HamburgerViewController.swift; sourceTree = "<group>"; };
		CA813D651C8291A3006DB179 /* MenuViewController.swift */ = {isa = PBXFileReference; fileEncoding = 4; lastKnownFileType = sourcecode.swift; path = MenuViewController.swift; sourceTree = "<group>"; };
		CA813D851C8350A2006DB179 /* ProfileViewController.swift */ = {isa = PBXFileReference; fileEncoding = 4; lastKnownFileType = sourcecode.swift; path = ProfileViewController.swift; sourceTree = "<group>"; };
/* End PBXFileReference section */

/* Begin PBXFrameworksBuildPhase section */
		CA45D3641C782F5C001DF5F7 /* Frameworks */ = {
			isa = PBXFrameworksBuildPhase;
			buildActionMask = 2147483647;
			files = (
				D189A3827E97AC2E2E1A2ED4 /* Pods_TwitterClient.framework in Frameworks */,
			);
			runOnlyForDeploymentPostprocessing = 0;
		};
/* End PBXFrameworksBuildPhase section */

/* Begin PBXGroup section */
		AFE453B3B0B89332ECDDCDA3 /* Frameworks */ = {
			isa = PBXGroup;
			children = (
				92A068816D172C49E6BA7C6D /* Pods_TwitterClient.framework */,
			);
			name = Frameworks;
			sourceTree = "<group>";
		};
		BE33D3926B85F73DAC164242 /* Pods */ = {
			isa = PBXGroup;
			children = (
				3894E7E301775250CF090790 /* Pods-TwitterClient.debug.xcconfig */,
				A0FD237AE74337B728CD6159 /* Pods-TwitterClient.release.xcconfig */,
			);
			name = Pods;
			sourceTree = "<group>";
		};
		CA45D35E1C782F5C001DF5F7 = {
			isa = PBXGroup;
			children = (
				CA45D3691C782F5C001DF5F7 /* TwitterClient */,
				CA45D3681C782F5C001DF5F7 /* Products */,
				BE33D3926B85F73DAC164242 /* Pods */,
				AFE453B3B0B89332ECDDCDA3 /* Frameworks */,
			);
			sourceTree = "<group>";
		};
		CA45D3681C782F5C001DF5F7 /* Products */ = {
			isa = PBXGroup;
			children = (
				CA45D3671C782F5C001DF5F7 /* TwitterClient.app */,
			);
			name = Products;
			sourceTree = "<group>";
		};
		CA45D3691C782F5C001DF5F7 /* TwitterClient */ = {
			isa = PBXGroup;
			children = (
				CA6CC4F01C7A436600FDC0D6 /* Views */,
				CA45D3891C79A3A9001DF5F7 /* View Controllers */,
				CA45D3821C78F96B001DF5F7 /* Models */,
				CA45D37F1C7831C0001DF5F7 /* API */,
				CA45D36A1C782F5C001DF5F7 /* AppDelegate.swift */,
				CA45D36E1C782F5C001DF5F7 /* Main.storyboard */,
				CA45D3711C782F5C001DF5F7 /* Assets.xcassets */,
				CA45D3731C782F5C001DF5F7 /* LaunchScreen.storyboard */,
				CA45D3761C782F5C001DF5F7 /* Info.plist */,
				CA45D37C1C783023001DF5F7 /* TwitterClient-Bridging-Header.h */,
			);
			path = TwitterClient;
			sourceTree = "<group>";
		};
		CA45D37F1C7831C0001DF5F7 /* API */ = {
			isa = PBXGroup;
			children = (
				CA45D3801C783223001DF5F7 /* TwitterClient.swift */,
			);
			name = API;
			sourceTree = "<group>";
		};
		CA45D3821C78F96B001DF5F7 /* Models */ = {
			isa = PBXGroup;
			children = (
				CA45D3831C78F981001DF5F7 /* User.swift */,
				CA45D3851C78F99E001DF5F7 /* Tweet.swift */,
			);
			name = Models;
			sourceTree = "<group>";
		};
		CA45D3891C79A3A9001DF5F7 /* View Controllers */ = {
			isa = PBXGroup;
			children = (
				CA45D36C1C782F5C001DF5F7 /* ViewController.swift */,
				CA813D651C8291A3006DB179 /* MenuViewController.swift */,
				CA45D3871C7951F5001DF5F7 /* TweetsViewController.swift */,
				CA6CC4F31C7A70BC00FDC0D6 /* ComposeViewController.swift */,
				CA6CC4F51C7AB1E600FDC0D6 /* TweetDetailViewController.swift */,
				CA813D631C828B2A006DB179 /* HamburgerViewController.swift */,
				CA813D851C8350A2006DB179 /* ProfileViewController.swift */,
			);
			name = "View Controllers";
			sourceTree = "<group>";
		};
		CA6CC4F01C7A436600FDC0D6 /* Views */ = {
			isa = PBXGroup;
			children = (
				CA6CC4F11C7A439700FDC0D6 /* TweetsCell.swift */,
				CA2655901C841E0100DF200C /* ProfileCell.swift */,
			);
			name = Views;
			sourceTree = "<group>";
		};
/* End PBXGroup section */

/* Begin PBXNativeTarget section */
		CA45D3661C782F5C001DF5F7 /* TwitterClient */ = {
			isa = PBXNativeTarget;
			buildConfigurationList = CA45D3791C782F5C001DF5F7 /* Build configuration list for PBXNativeTarget "TwitterClient" */;
			buildPhases = (
				0657127F9854F93D7B0C60AD /* Check Pods Manifest.lock */,
				CA45D3631C782F5C001DF5F7 /* Sources */,
				CA45D3641C782F5C001DF5F7 /* Frameworks */,
				CA45D3651C782F5C001DF5F7 /* Resources */,
				2A2641BC3BA3AB4050F4F9A5 /* Embed Pods Frameworks */,
				FB8269757A55C10DD2758FAE /* Copy Pods Resources */,
			);
			buildRules = (
			);
			dependencies = (
			);
			name = TwitterClient;
			productName = TwitterClient;
			productReference = CA45D3671C782F5C001DF5F7 /* TwitterClient.app */;
			productType = "com.apple.product-type.application";
		};
/* End PBXNativeTarget section */

/* Begin PBXProject section */
		CA45D35F1C782F5C001DF5F7 /* Project object */ = {
			isa = PBXProject;
			attributes = {
				LastSwiftUpdateCheck = 0720;
				LastUpgradeCheck = 0720;
				ORGANIZATIONNAME = prasanthi;
				TargetAttributes = {
					CA45D3661C782F5C001DF5F7 = {
						CreatedOnToolsVersion = 7.2.1;
					};
				};
			};
			buildConfigurationList = CA45D3621C782F5C001DF5F7 /* Build configuration list for PBXProject "TwitterClient" */;
			compatibilityVersion = "Xcode 3.2";
			developmentRegion = English;
			hasScannedForEncodings = 0;
			knownRegions = (
				en,
				Base,
			);
			mainGroup = CA45D35E1C782F5C001DF5F7;
			productRefGroup = CA45D3681C782F5C001DF5F7 /* Products */;
			projectDirPath = "";
			projectRoot = "";
			targets = (
				CA45D3661C782F5C001DF5F7 /* TwitterClient */,
			);
		};
/* End PBXProject section */

/* Begin PBXResourcesBuildPhase section */
		CA45D3651C782F5C001DF5F7 /* Resources */ = {
			isa = PBXResourcesBuildPhase;
			buildActionMask = 2147483647;
			files = (
				CA45D3751C782F5C001DF5F7 /* LaunchScreen.storyboard in Resources */,
				CA45D3721C782F5C001DF5F7 /* Assets.xcassets in Resources */,
				CA45D3701C782F5C001DF5F7 /* Main.storyboard in Resources */,
			);
			runOnlyForDeploymentPostprocessing = 0;
		};
/* End PBXResourcesBuildPhase section */

/* Begin PBXShellScriptBuildPhase section */
		0657127F9854F93D7B0C60AD /* Check Pods Manifest.lock */ = {
			isa = PBXShellScriptBuildPhase;
			buildActionMask = 2147483647;
			files = (
			);
			inputPaths = (
			);
			name = "Check Pods Manifest.lock";
			outputPaths = (
			);
			runOnlyForDeploymentPostprocessing = 0;
			shellPath = /bin/sh;
			shellScript = "diff \"${PODS_ROOT}/../Podfile.lock\" \"${PODS_ROOT}/Manifest.lock\" > /dev/null\nif [[ $? != 0 ]] ; then\n    cat << EOM\nerror: The sandbox is not in sync with the Podfile.lock. Run 'pod install' or update your CocoaPods installation.\nEOM\n    exit 1\nfi\n";
			showEnvVarsInLog = 0;
		};
		2A2641BC3BA3AB4050F4F9A5 /* Embed Pods Frameworks */ = {
			isa = PBXShellScriptBuildPhase;
			buildActionMask = 2147483647;
			files = (
			);
			inputPaths = (
			);
			name = "Embed Pods Frameworks";
			outputPaths = (
			);
			runOnlyForDeploymentPostprocessing = 0;
			shellPath = /bin/sh;
			shellScript = "\"${SRCROOT}/Pods/Target Support Files/Pods-TwitterClient/Pods-TwitterClient-frameworks.sh\"\n";
			showEnvVarsInLog = 0;
		};
		FB8269757A55C10DD2758FAE /* Copy Pods Resources */ = {
			isa = PBXShellScriptBuildPhase;
			buildActionMask = 2147483647;
			files = (
			);
			inputPaths = (
			);
			name = "Copy Pods Resources";
			outputPaths = (
			);
			runOnlyForDeploymentPostprocessing = 0;
			shellPath = /bin/sh;
			shellScript = "\"${SRCROOT}/Pods/Target Support Files/Pods-TwitterClient/Pods-TwitterClient-resources.sh\"\n";
			showEnvVarsInLog = 0;
		};
/* End PBXShellScriptBuildPhase section */

/* Begin PBXSourcesBuildPhase section */
		CA45D3631C782F5C001DF5F7 /* Sources */ = {
			isa = PBXSourcesBuildPhase;
			buildActionMask = 2147483647;
			files = (
				CA2655911C841E0100DF200C /* ProfileCell.swift in Sources */,
				CA45D3841C78F981001DF5F7 /* User.swift in Sources */,
				CA6CC4F21C7A439700FDC0D6 /* TweetsCell.swift in Sources */,
				CA6CC4F61C7AB1E600FDC0D6 /* TweetDetailViewController.swift in Sources */,
				CA45D3861C78F99E001DF5F7 /* Tweet.swift in Sources */,
				CA813D661C8291A3006DB179 /* MenuViewController.swift in Sources */,
				CA6CC4F41C7A70BC00FDC0D6 /* ComposeViewController.swift in Sources */,
				CA813D861C8350A2006DB179 /* ProfileViewController.swift in Sources */,
				CA45D3881C7951F5001DF5F7 /* TweetsViewController.swift in Sources */,
				CA45D36D1C782F5C001DF5F7 /* ViewController.swift in Sources */,
				CA45D3811C783223001DF5F7 /* TwitterClient.swift in Sources */,
				CA813D641C828B2A006DB179 /* HamburgerViewController.swift in Sources */,
				CA45D36B1C782F5C001DF5F7 /* AppDelegate.swift in Sources */,
			);
			runOnlyForDeploymentPostprocessing = 0;
		};
/* End PBXSourcesBuildPhase section */

/* Begin PBXVariantGroup section */
		CA45D36E1C782F5C001DF5F7 /* Main.storyboard */ = {
			isa = PBXVariantGroup;
			children = (
				CA45D36F1C782F5C001DF5F7 /* Base */,
			);
			name = Main.storyboard;
			sourceTree = "<group>";
		};
		CA45D3731C782F5C001DF5F7 /* LaunchScreen.storyboard */ = {
			isa = PBXVariantGroup;
			children = (
				CA45D3741C782F5C001DF5F7 /* Base */,
			);
			name = LaunchScreen.storyboard;
			sourceTree = "<group>";
		};
/* End PBXVariantGroup section */

/* Begin XCBuildConfiguration section */
		CA45D3771C782F5C001DF5F7 /* Debug */ = {
			isa = XCBuildConfiguration;
			buildSettings = {
				ALWAYS_SEARCH_USER_PATHS = NO;
				CLANG_CXX_LANGUAGE_STANDARD = "gnu++0x";
				CLANG_CXX_LIBRARY = "libc++";
				CLANG_ENABLE_MODULES = YES;
				CLANG_ENABLE_OBJC_ARC = YES;
				CLANG_WARN_BOOL_CONVERSION = YES;
				CLANG_WARN_CONSTANT_CONVERSION = YES;
				CLANG_WARN_DIRECT_OBJC_ISA_USAGE = YES_ERROR;
				CLANG_WARN_EMPTY_BODY = YES;
				CLANG_WARN_ENUM_CONVERSION = YES;
				CLANG_WARN_INT_CONVERSION = YES;
				CLANG_WARN_OBJC_ROOT_CLASS = YES_ERROR;
				CLANG_WARN_UNREACHABLE_CODE = YES;
				CLANG_WARN__DUPLICATE_METHOD_MATCH = YES;
				"CODE_SIGN_IDENTITY[sdk=iphoneos*]" = "iPhone Developer";
				COPY_PHASE_STRIP = NO;
				DEBUG_INFORMATION_FORMAT = dwarf;
				ENABLE_STRICT_OBJC_MSGSEND = YES;
				ENABLE_TESTABILITY = YES;
				GCC_C_LANGUAGE_STANDARD = gnu99;
				GCC_DYNAMIC_NO_PIC = NO;
				GCC_NO_COMMON_BLOCKS = YES;
				GCC_OPTIMIZATION_LEVEL = 0;
				GCC_PREPROCESSOR_DEFINITIONS = (
					"DEBUG=1",
					"$(inherited)",
				);
				GCC_WARN_64_TO_32_BIT_CONVERSION = YES;
				GCC_WARN_ABOUT_RETURN_TYPE = YES_ERROR;
				GCC_WARN_UNDECLARED_SELECTOR = YES;
				GCC_WARN_UNINITIALIZED_AUTOS = YES_AGGRESSIVE;
				GCC_WARN_UNUSED_FUNCTION = YES;
				GCC_WARN_UNUSED_VARIABLE = YES;
				IPHONEOS_DEPLOYMENT_TARGET = 9.2;
				MTL_ENABLE_DEBUG_INFO = YES;
				ONLY_ACTIVE_ARCH = YES;
				SDKROOT = iphoneos;
				SWIFT_OPTIMIZATION_LEVEL = "-Onone";
			};
			name = Debug;
		};
		CA45D3781C782F5C001DF5F7 /* Release */ = {
			isa = XCBuildConfiguration;
			buildSettings = {
				ALWAYS_SEARCH_USER_PATHS = NO;
				CLANG_CXX_LANGUAGE_STANDARD = "gnu++0x";
				CLANG_CXX_LIBRARY = "libc++";
				CLANG_ENABLE_MODULES = YES;
				CLANG_ENABLE_OBJC_ARC = YES;
				CLANG_WARN_BOOL_CONVERSION = YES;
				CLANG_WARN_CONSTANT_CONVERSION = YES;
				CLANG_WARN_DIRECT_OBJC_ISA_USAGE = YES_ERROR;
				CLANG_WARN_EMPTY_BODY = YES;
				CLANG_WARN_ENUM_CONVERSION = YES;
				CLANG_WARN_INT_CONVERSION = YES;
				CLANG_WARN_OBJC_ROOT_CLASS = YES_ERROR;
				CLANG_WARN_UNREACHABLE_CODE = YES;
				CLANG_WARN__DUPLICATE_METHOD_MATCH = YES;
				"CODE_SIGN_IDENTITY[sdk=iphoneos*]" = "iPhone Developer";
				COPY_PHASE_STRIP = NO;
				DEBUG_INFORMATION_FORMAT = "dwarf-with-dsym";
				ENABLE_NS_ASSERTIONS = NO;
				ENABLE_STRICT_OBJC_MSGSEND = YES;
				GCC_C_LANGUAGE_STANDARD = gnu99;
				GCC_NO_COMMON_BLOCKS = YES;
				GCC_WARN_64_TO_32_BIT_CONVERSION = YES;
				GCC_WARN_ABOUT_RETURN_TYPE = YES_ERROR;
				GCC_WARN_UNDECLARED_SELECTOR = YES;
				GCC_WARN_UNINITIALIZED_AUTOS = YES_AGGRESSIVE;
				GCC_WARN_UNUSED_FUNCTION = YES;
				GCC_WARN_UNUSED_VARIABLE = YES;
				IPHONEOS_DEPLOYMENT_TARGET = 9.2;
				MTL_ENABLE_DEBUG_INFO = NO;
				SDKROOT = iphoneos;
				VALIDATE_PRODUCT = YES;
			};
			name = Release;
		};
		CA45D37A1C782F5C001DF5F7 /* Debug */ = {
			isa = XCBuildConfiguration;
			baseConfigurationReference = 3894E7E301775250CF090790 /* Pods-TwitterClient.debug.xcconfig */;
			buildSettings = {
				ASSETCATALOG_COMPILER_APPICON_NAME = AppIcon;
				CLANG_ENABLE_MODULES = YES;
				INFOPLIST_FILE = TwitterClient/Info.plist;
				LD_RUNPATH_SEARCH_PATHS = "$(inherited) @executable_path/Frameworks";
				PRODUCT_BUNDLE_IDENTIFIER = com.prasanthi.TwitterClient;
				PRODUCT_NAME = "$(TARGET_NAME)";
				SWIFT_OBJC_BRIDGING_HEADER = "";
				SWIFT_OPTIMIZATION_LEVEL = "-Onone";
			};
			name = Debug;
		};
		CA45D37B1C782F5C001DF5F7 /* Release */ = {
			isa = XCBuildConfiguration;
			baseConfigurationReference = A0FD237AE74337B728CD6159 /* Pods-TwitterClient.release.xcconfig */;
			buildSettings = {
				ASSETCATALOG_COMPILER_APPICON_NAME = AppIcon;
				CLANG_ENABLE_MODULES = YES;
				INFOPLIST_FILE = TwitterClient/Info.plist;
				LD_RUNPATH_SEARCH_PATHS = "$(inherited) @executable_path/Frameworks";
				PRODUCT_BUNDLE_IDENTIFIER = com.prasanthi.TwitterClient;
				PRODUCT_NAME = "$(TARGET_NAME)";
				SWIFT_OBJC_BRIDGING_HEADER = "";
			};
			name = Release;
		};
/* End XCBuildConfiguration section */

/* Begin XCConfigurationList section */
		CA45D3621C782F5C001DF5F7 /* Build configuration list for PBXProject "TwitterClient" */ = {
			isa = XCConfigurationList;
			buildConfigurations = (
				CA45D3771C782F5C001DF5F7 /* Debug */,
				CA45D3781C782F5C001DF5F7 /* Release */,
			);
			defaultConfigurationIsVisible = 0;
			defaultConfigurationName = Release;
		};
		CA45D3791C782F5C001DF5F7 /* Build configuration list for PBXNativeTarget "TwitterClient" */ = {
			isa = XCConfigurationList;
			buildConfigurations = (
				CA45D37A1C782F5C001DF5F7 /* Debug */,
				CA45D37B1C782F5C001DF5F7 /* Release */,
			);
			defaultConfigurationIsVisible = 0;
			defaultConfigurationName = Release;
		};
/* End XCConfigurationList section */
	};
	rootObject = CA45D35F1C782F5C001DF5F7 /* Project object */;
}
